
Microsoft Visual Studio Solution File, Format Version 12.00
# Visual Studio 15
VisualStudioVersion = 15.0.27703.2026
MinimumVisualStudioVersion = 10.0.40219.1
Project("{FAE04EC0-301F-11D3-BF4B-00C04F79EFBC}") = "AddonMaster.GUI", "AddonMaster.GUI\AddonMaster.GUI.csproj", "{FB3086FD-6E81-4037-BAA7-55D2A2152942}"
EndProject
Project("{FAE04EC0-301F-11D3-BF4B-00C04F79EFBC}") = "AddonMaster.Core", "AddonMaster.Core\AddonMaster.Core.csproj", "{05E4C794-631A-4B1C-A6E9-5976969EF65D}"
EndProject
Project("{54435603-DBB4-11D2-8724-00A0C9A8B90C}") = "AddonMaster.Setup", "AddonMaster.Setup\AddonMaster.Setup.vdproj", "{267DC27E-89C5-4A02-935A-D6DCF1CBDA4D}"
EndProject
Global
	GlobalSection(SolutionConfigurationPlatforms) = preSolution
		Debug|Any CPU = Debug|Any CPU
		Debug|x64 = Debug|x64
		Release|Any CPU = Release|Any CPU
		Release|x64 = Release|x64
	EndGlobalSection
	GlobalSection(ProjectConfigurationPlatforms) = postSolution
		{FB3086FD-6E81-4037-BAA7-55D2A2152942}.Debug|Any CPU.ActiveCfg = Debug|Any CPU
		{FB3086FD-6E81-4037-BAA7-55D2A2152942}.Debug|Any CPU.Build.0 = Debug|Any CPU
		{FB3086FD-6E81-4037-BAA7-55D2A2152942}.Debug|x64.ActiveCfg = Debug|x64
		{FB3086FD-6E81-4037-BAA7-55D2A2152942}.Debug|x64.Build.0 = Debug|x64
		{FB3086FD-6E81-4037-BAA7-55D2A2152942}.Release|Any CPU.ActiveCfg = Release|Any CPU
		{FB3086FD-6E81-4037-BAA7-55D2A2152942}.Release|Any CPU.Build.0 = Release|Any CPU
		{FB3086FD-6E81-4037-BAA7-55D2A2152942}.Release|x64.ActiveCfg = Release|x64
		{FB3086FD-6E81-4037-BAA7-55D2A2152942}.Release|x64.Build.0 = Release|x64
		{05E4C794-631A-4B1C-A6E9-5976969EF65D}.Debug|Any CPU.ActiveCfg = Debug|Any CPU
		{05E4C794-631A-4B1C-A6E9-5976969EF65D}.Debug|Any CPU.Build.0 = Debug|Any CPU
		{05E4C794-631A-4B1C-A6E9-5976969EF65D}.Debug|x64.ActiveCfg = Debug|x64
		{05E4C794-631A-4B1C-A6E9-5976969EF65D}.Debug|x64.Build.0 = Debug|x64
		{05E4C794-631A-4B1C-A6E9-5976969EF65D}.Release|Any CPU.ActiveCfg = Release|Any CPU
		{05E4C794-631A-4B1C-A6E9-5976969EF65D}.Release|Any CPU.Build.0 = Release|Any CPU
		{05E4C794-631A-4B1C-A6E9-5976969EF65D}.Release|x64.ActiveCfg = Release|x64
		{05E4C794-631A-4B1C-A6E9-5976969EF65D}.Release|x64.Build.0 = Release|x64
		{267DC27E-89C5-4A02-935A-D6DCF1CBDA4D}.Debug|Any CPU.ActiveCfg = Debug
		{267DC27E-89C5-4A02-935A-D6DCF1CBDA4D}.Debug|x64.ActiveCfg = Debug
		{267DC27E-89C5-4A02-935A-D6DCF1CBDA4D}.Release|Any CPU.ActiveCfg = Release
		{267DC27E-89C5-4A02-935A-D6DCF1CBDA4D}.Release|x64.ActiveCfg = Release
	EndGlobalSection
	GlobalSection(SolutionProperties) = preSolution
		HideSolutionNode = FALSE
	EndGlobalSection
	GlobalSection(ExtensibilityGlobals) = postSolution
		SolutionGuid = {CFC6BB1C-C431-4A7B-8472-C514175FACAD}
	EndGlobalSection
EndGlobal
